
Microsoft Visual Studio Solution File, Format Version 9.00
# Visual Studio 2005
Project("{8BC9CEB8-8B4A-11D0-8D11-00A0C91BC942}") = "AdvancedSkin", "AdvancedSkin\AdvancedSkin.vcproj", "{408D3C63-300A-40E8-A6DF-3CA0BBEE3130}"
EndProject
Global
	GlobalSection(SolutionConfigurationPlatforms) = preSolution
		Debug|Win32 = Debug|Win32
		Release|Win32 = Release|Win32
	EndGlobalSection
	GlobalSection(ProjectConfigurationPlatforms) = postSolution
		{408D3C63-300A-40E8-A6DF-3CA0BBEE3130}.Debug|Win32.ActiveCfg = Debug|Win32
		{408D3C63-300A-40E8-A6DF-3CA0BBEE3130}.Debug|Win32.Build.0 = Debug|Win32
		{408D3C63-300A-40E8-A6DF-3CA0BBEE3130}.Release|Win32.ActiveCfg = Release|Win32
		{408D3C63-300A-40E8-A6DF-3CA0BBEE3130}.Release|Win32.Build.0 = Release|Win32
	EndGlobalSection
	GlobalSection(SolutionProperties) = preSolution
		HideSolutionNode = FALSE
	EndGlobalSection
EndGlobal
